{
    "hash": "ed948226c17b98bd1bf7a67e094f011d",
    "packages": [
        {
            "name": "doctrine/couchdb-client",
            "version": "dev-master",
            "dist": {
                "type": "zip",
                "url": "https://github.com/doctrine/couchdb-client/archive/master.zip",
                "reference": null,
                "shasum": null
            },
            "type": "library",
            "installation-source": "dist"
        }
    ],
    "packages-dev": null,
    "aliases": [

    ],
    "minimum-stability": "stable",
    "stability-flags": {
        "doctrine/couchdb-client": 20
    }
}
